
Microsoft Visual Studio Solution File, Format Version 12.00
# Visual Studio 14
VisualStudioVersion = 14.0.22609.0
MinimumVisualStudioVersion = 10.0.40219.1
Project("{FAE04EC0-301F-11D3-BF4B-00C04F79EFBC}") = "SparkAPI", "SparkAPI\SparkAPI.csproj", "{C0954601-55E2-44AD-A2C3-11E366AABFA0}"
EndProject
Project("{FAE04EC0-301F-11D3-BF4B-00C04F79EFBC}") = "SparkAPI.Tests", "SparkAPI.Tests\SparkAPI.Tests.csproj", "{FF477346-2E98-4FB3-B3E6-5BEB117D2ADB}"
EndProject
Global
	GlobalSection(SolutionConfigurationPlatforms) = preSolution
		Debug|Any CPU = Debug|Any CPU
		Release|Any CPU = Release|Any CPU
	EndGlobalSection
	GlobalSection(ProjectConfigurationPlatforms) = postSolution
		{C0954601-55E2-44AD-A2C3-11E366AABFA0}.Debug|Any CPU.ActiveCfg = Debug|Any CPU
		{C0954601-55E2-44AD-A2C3-11E366AABFA0}.Debug|Any CPU.Build.0 = Debug|Any CPU
		{C0954601-55E2-44AD-A2C3-11E366AABFA0}.Release|Any CPU.ActiveCfg = Release|Any CPU
		{C0954601-55E2-44AD-A2C3-11E366AABFA0}.Release|Any CPU.Build.0 = Release|Any CPU
		{FF477346-2E98-4FB3-B3E6-5BEB117D2ADB}.Debug|Any CPU.ActiveCfg = Debug|Any CPU
		{FF477346-2E98-4FB3-B3E6-5BEB117D2ADB}.Debug|Any CPU.Build.0 = Debug|Any CPU
		{FF477346-2E98-4FB3-B3E6-5BEB117D2ADB}.Release|Any CPU.ActiveCfg = Release|Any CPU
		{FF477346-2E98-4FB3-B3E6-5BEB117D2ADB}.Release|Any CPU.Build.0 = Release|Any CPU
	EndGlobalSection
	GlobalSection(SolutionProperties) = preSolution
		HideSolutionNode = FALSE
	EndGlobalSection
EndGlobal
